
Microsoft Visual Studio Solution File, Format Version 12.00
# Visual Studio 14
VisualStudioVersion = 14.0.25420.1
MinimumVisualStudioVersion = 10.0.40219.1
Project("{FAE04EC0-301F-11D3-BF4B-00C04F79EFBC}") = "Ejercicio2", "Ejercicio2\Ejercicio2.csproj", "{3AFEA703-B009-4ED1-9225-A100E75AB9FB}"
EndProject
Project("{FAE04EC0-301F-11D3-BF4B-00C04F79EFBC}") = "TextStreamer", "TextStreamer\TextStreamer.csproj", "{62347DDA-0A37-4E89-97CD-412631AEC522}"
EndProject
Global
	GlobalSection(SolutionConfigurationPlatforms) = preSolution
		Debug|Any CPU = Debug|Any CPU
		Release|Any CPU = Release|Any CPU
	EndGlobalSection
	GlobalSection(ProjectConfigurationPlatforms) = postSolution
		{3AFEA703-B009-4ED1-9225-A100E75AB9FB}.Debug|Any CPU.ActiveCfg = Debug|Any CPU
		{3AFEA703-B009-4ED1-9225-A100E75AB9FB}.Debug|Any CPU.Build.0 = Debug|Any CPU
		{3AFEA703-B009-4ED1-9225-A100E75AB9FB}.Release|Any CPU.ActiveCfg = Release|Any CPU
		{3AFEA703-B009-4ED1-9225-A100E75AB9FB}.Release|Any CPU.Build.0 = Release|Any CPU
		{62347DDA-0A37-4E89-97CD-412631AEC522}.Debug|Any CPU.ActiveCfg = Debug|Any CPU
		{62347DDA-0A37-4E89-97CD-412631AEC522}.Debug|Any CPU.Build.0 = Debug|Any CPU
		{62347DDA-0A37-4E89-97CD-412631AEC522}.Release|Any CPU.ActiveCfg = Release|Any CPU
		{62347DDA-0A37-4E89-97CD-412631AEC522}.Release|Any CPU.Build.0 = Release|Any CPU
	EndGlobalSection
	GlobalSection(SolutionProperties) = preSolution
		HideSolutionNode = FALSE
	EndGlobalSection
EndGlobal
